
Microsoft Visual Studio Solution File, Format Version 11.00
# Visual Studio 2010
Project("{FAE04EC0-301F-11D3-BF4B-00C04F79EFBC}") = "Assembly-CSharp", "Assembly-CSharp.csproj", "{7DDA1D86-2863-06A7-BDB8-95A44256F00C}"
EndProject
Project("{FAE04EC0-301F-11D3-BF4B-00C04F79EFBC}") = "Assembly-CSharp-Editor", "Assembly-CSharp-Editor.csproj", "{24C14B4F-0B7E-27DA-B47D-0401ACB74A6E}"
EndProject
Global
	GlobalSection(SolutionConfigurationPlatforms) = preSolution
		Debug|Any CPU = Debug|Any CPU
		Release|Any CPU = Release|Any CPU
	EndGlobalSection
	GlobalSection(ProjectConfigurationPlatforms) = postSolution
		{7DDA1D86-2863-06A7-BDB8-95A44256F00C}.Debug|Any CPU.ActiveCfg = Debug|Any CPU
		{7DDA1D86-2863-06A7-BDB8-95A44256F00C}.Debug|Any CPU.Build.0 = Debug|Any CPU
		{7DDA1D86-2863-06A7-BDB8-95A44256F00C}.Release|Any CPU.ActiveCfg = Release|Any CPU
		{7DDA1D86-2863-06A7-BDB8-95A44256F00C}.Release|Any CPU.Build.0 = Release|Any CPU
		{24C14B4F-0B7E-27DA-B47D-0401ACB74A6E}.Debug|Any CPU.ActiveCfg = Debug|Any CPU
		{24C14B4F-0B7E-27DA-B47D-0401ACB74A6E}.Debug|Any CPU.Build.0 = Debug|Any CPU
		{24C14B4F-0B7E-27DA-B47D-0401ACB74A6E}.Release|Any CPU.ActiveCfg = Release|Any CPU
		{24C14B4F-0B7E-27DA-B47D-0401ACB74A6E}.Release|Any CPU.Build.0 = Release|Any CPU
	EndGlobalSection
	GlobalSection(SolutionProperties) = preSolution
		HideSolutionNode = FALSE
	EndGlobalSection
	GlobalSection(MonoDevelopProperties) = preSolution
		StartupItem = Assembly-CSharp.csproj
	EndGlobalSection
EndGlobal
